// !$*UTF8*$!
{
	archiveVersion = 1;
	classes = {
	};
	objectVersion = 50;
	objects = {

/* Begin PBXBuildFile section */
		2B241657230FA76D007DE124 /* Enums.swift in Sources */ = {isa = PBXBuildFile; fileRef = 2B241656230FA76D007DE124 /* Enums.swift */; };
		2B241659230FACE9007DE124 /* Constant.swift in Sources */ = {isa = PBXBuildFile; fileRef = 2B241658230FACE9007DE124 /* Constant.swift */; };
		2B24165C230FB0B4007DE124 /* InterfaceController+WatchConnectivity.swift in Sources */ = {isa = PBXBuildFile; fileRef = 2B24165B230FB0B4007DE124 /* InterfaceController+WatchConnectivity.swift */; };
		2B24165F230FB1C5007DE124 /* Enums.swift in Sources */ = {isa = PBXBuildFile; fileRef = 2B241656230FA76D007DE124 /* Enums.swift */; };
		2B241660230FB1C5007DE124 /* Constant.swift in Sources */ = {isa = PBXBuildFile; fileRef = 2B241658230FACE9007DE124 /* Constant.swift */; };
		2BB5F712230EBD1C00C88C37 /* AppDelegate.swift in Sources */ = {isa = PBXBuildFile; fileRef = 2BB5F711230EBD1C00C88C37 /* AppDelegate.swift */; };
		2BB5F714230EBD1C00C88C37 /* ViewController.swift in Sources */ = {isa = PBXBuildFile; fileRef = 2BB5F713230EBD1C00C88C37 /* ViewController.swift */; };
		2BB5F717230EBD1C00C88C37 /* Main.storyboard in Resources */ = {isa = PBXBuildFile; fileRef = 2BB5F715230EBD1C00C88C37 /* Main.storyboard */; };
		2BB5F719230EBD1E00C88C37 /* Assets.xcassets in Resources */ = {isa = PBXBuildFile; fileRef = 2BB5F718230EBD1E00C88C37 /* Assets.xcassets */; };
		2BB5F721230EBD1E00C88C37 /* AppleWatch WatchKit App.app in Embed Watch Content */ = {isa = PBXBuildFile; fileRef = 2BB5F720230EBD1E00C88C37 /* AppleWatch WatchKit App.app */; };
		2BB5F727230EBD1E00C88C37 /* Interface.storyboard in Resources */ = {isa = PBXBuildFile; fileRef = 2BB5F725230EBD1E00C88C37 /* Interface.storyboard */; };
		2BB5F729230EBD1E00C88C37 /* Assets.xcassets in Resources */ = {isa = PBXBuildFile; fileRef = 2BB5F728230EBD1E00C88C37 /* Assets.xcassets */; };
		2BB5F730230EBD1F00C88C37 /* AppleWatch WatchKit Extension.appex in Embed App Extensions */ = {isa = PBXBuildFile; fileRef = 2BB5F72F230EBD1F00C88C37 /* AppleWatch WatchKit Extension.appex */; settings = {ATTRIBUTES = (RemoveHeadersOnCopy, ); }; };
		2BB5F735230EBD1F00C88C37 /* InterfaceController.swift in Sources */ = {isa = PBXBuildFile; fileRef = 2BB5F734230EBD1F00C88C37 /* InterfaceController.swift */; };
		2BB5F737230EBD1F00C88C37 /* ExtensionDelegate.swift in Sources */ = {isa = PBXBuildFile; fileRef = 2BB5F736230EBD1F00C88C37 /* ExtensionDelegate.swift */; };
		2BB5F739230EBD1F00C88C37 /* NotificationController.swift in Sources */ = {isa = PBXBuildFile; fileRef = 2BB5F738230EBD1F00C88C37 /* NotificationController.swift */; };
		2BB5F73B230EBD1F00C88C37 /* Assets.xcassets in Resources */ = {isa = PBXBuildFile; fileRef = 2BB5F73A230EBD1F00C88C37 /* Assets.xcassets */; };
		2BB5F74F230EBF1400C88C37 /* ListingCell.swift in Sources */ = {isa = PBXBuildFile; fileRef = 2BB5F74E230EBF1400C88C37 /* ListingCell.swift */; };
		2BB5F753230EBF8800C88C37 /* ViewController+TableView.swift in Sources */ = {isa = PBXBuildFile; fileRef = 2BB5F752230EBF8800C88C37 /* ViewController+TableView.swift */; };
		2BB5F755230EC28300C88C37 /* LaunchScreen.storyboard in Resources */ = {isa = PBXBuildFile; fileRef = 2BB5F754230EC28300C88C37 /* LaunchScreen.storyboard */; };
		2BB5F757230EC50900C88C37 /* ViewController+WatchKitDelegate.swift in Sources */ = {isa = PBXBuildFile; fileRef = 2BB5F756230EC50900C88C37 /* ViewController+WatchKitDelegate.swift */; };
		2BB5F75A230ECF3A00C88C37 /* ResultModel.swift in Sources */ = {isa = PBXBuildFile; fileRef = 2BB5F759230ECF3A00C88C37 /* ResultModel.swift */; };
/* End PBXBuildFile section */

/* Begin PBXContainerItemProxy section */
		2BB5F722230EBD1E00C88C37 /* PBXContainerItemProxy */ = {
			isa = PBXContainerItemProxy;
			containerPortal = 2BB5F706230EBD1C00C88C37 /* Project object */;
			proxyType = 1;
			remoteGlobalIDString = 2BB5F71F230EBD1E00C88C37;
			remoteInfo = "AppleWatch WatchKit App";
		};
		2BB5F731230EBD1F00C88C37 /* PBXContainerItemProxy */ = {
			isa = PBXContainerItemProxy;
			containerPortal = 2BB5F706230EBD1C00C88C37 /* Project object */;
			proxyType = 1;
			remoteGlobalIDString = 2BB5F72E230EBD1F00C88C37;
			remoteInfo = "AppleWatch WatchKit Extension";
		};
/* End PBXContainerItemProxy section */

/* Begin PBXCopyFilesBuildPhase section */
		2BB5F743230EBD1F00C88C37 /* Embed App Extensions */ = {
			isa = PBXCopyFilesBuildPhase;
			buildActionMask = 2147483647;
			dstPath = "";
			dstSubfolderSpec = 13;
			files = (
				2BB5F730230EBD1F00C88C37 /* AppleWatch WatchKit Extension.appex in Embed App Extensions */,
			);
			name = "Embed App Extensions";
			runOnlyForDeploymentPostprocessing = 0;
		};
		2BB5F747230EBD1F00C88C37 /* Embed Watch Content */ = {
			isa = PBXCopyFilesBuildPhase;
			buildActionMask = 2147483647;
			dstPath = "$(CONTENTS_FOLDER_PATH)/Watch";
			dstSubfolderSpec = 16;
			files = (
				2BB5F721230EBD1E00C88C37 /* AppleWatch WatchKit App.app in Embed Watch Content */,
			);
			name = "Embed Watch Content";
			runOnlyForDeploymentPostprocessing = 0;
		};
/* End PBXCopyFilesBuildPhase section */

/* Begin PBXFileReference section */
		2B241656230FA76D007DE124 /* Enums.swift */ = {isa = PBXFileReference; lastKnownFileType = sourcecode.swift; path = Enums.swift; sourceTree = "<group>"; };
		2B241658230FACE9007DE124 /* Constant.swift */ = {isa = PBXFileReference; lastKnownFileType = sourcecode.swift; path = Constant.swift; sourceTree = "<group>"; };
		2B24165B230FB0B4007DE124 /* InterfaceController+WatchConnectivity.swift */ = {isa = PBXFileReference; lastKnownFileType = sourcecode.swift; path = "InterfaceController+WatchConnectivity.swift"; sourceTree = "<group>"; };
		2BB5F70E230EBD1C00C88C37 /* AppleWatch.app */ = {isa = PBXFileReference; explicitFileType = wrapper.application; includeInIndex = 0; path = AppleWatch.app; sourceTree = BUILT_PRODUCTS_DIR; };
		2BB5F711230EBD1C00C88C37 /* AppDelegate.swift */ = {isa = PBXFileReference; lastKnownFileType = sourcecode.swift; path = AppDelegate.swift; sourceTree = "<group>"; };
		2BB5F713230EBD1C00C88C37 /* ViewController.swift */ = {isa = PBXFileReference; lastKnownFileType = sourcecode.swift; path = ViewController.swift; sourceTree = "<group>"; };
		2BB5F716230EBD1C00C88C37 /* Base */ = {isa = PBXFileReference; lastKnownFileType = file.storyboard; name = Base; path = Base.lproj/Main.storyboard; sourceTree = "<group>"; };
		2BB5F718230EBD1E00C88C37 /* Assets.xcassets */ = {isa = PBXFileReference; lastKnownFileType = folder.assetcatalog; path = Assets.xcassets; sourceTree = "<group>"; };
		2BB5F71D230EBD1E00C88C37 /* Info.plist */ = {isa = PBXFileReference; lastKnownFileType = text.plist.xml; path = Info.plist; sourceTree = "<group>"; };
		2BB5F720230EBD1E00C88C37 /* AppleWatch WatchKit App.app */ = {isa = PBXFileReference; explicitFileType = wrapper.application; includeInIndex = 0; path = "AppleWatch WatchKit App.app"; sourceTree = BUILT_PRODUCTS_DIR; };
		2BB5F726230EBD1E00C88C37 /* Base */ = {isa = PBXFileReference; lastKnownFileType = file.storyboard; name = Base; path = Base.lproj/Interface.storyboard; sourceTree = "<group>"; };
		2BB5F728230EBD1E00C88C37 /* Assets.xcassets */ = {isa = PBXFileReference; lastKnownFileType = folder.assetcatalog; path = Assets.xcassets; sourceTree = "<group>"; };
		2BB5F72A230EBD1E00C88C37 /* Info.plist */ = {isa = PBXFileReference; lastKnownFileType = text.plist.xml; path = Info.plist; sourceTree = "<group>"; };
		2BB5F72F230EBD1F00C88C37 /* AppleWatch WatchKit Extension.appex */ = {isa = PBXFileReference; explicitFileType = "wrapper.app-extension"; includeInIndex = 0; path = "AppleWatch WatchKit Extension.appex"; sourceTree = BUILT_PRODUCTS_DIR; };
		2BB5F734230EBD1F00C88C37 /* InterfaceController.swift */ = {isa = PBXFileReference; lastKnownFileType = sourcecode.swift; path = InterfaceController.swift; sourceTree = "<group>"; };
		2BB5F736230EBD1F00C88C37 /* ExtensionDelegate.swift */ = {isa = PBXFileReference; lastKnownFileType = sourcecode.swift; path = ExtensionDelegate.swift; sourceTree = "<group>"; };
		2BB5F738230EBD1F00C88C37 /* NotificationController.swift */ = {isa = PBXFileReference; lastKnownFileType = sourcecode.swift; path = NotificationController.swift; sourceTree = "<group>"; };
		2BB5F73A230EBD1F00C88C37 /* Assets.xcassets */ = {isa = PBXFileReference; lastKnownFileType = folder.assetcatalog; path = Assets.xcassets; sourceTree = "<group>"; };
		2BB5F73C230EBD1F00C88C37 /* Info.plist */ = {isa = PBXFileReference; lastKnownFileType = text.plist.xml; path = Info.plist; sourceTree = "<group>"; };
		2BB5F73D230EBD1F00C88C37 /* PushNotificationPayload.apns */ = {isa = PBXFileReference; lastKnownFileType = text; path = PushNotificationPayload.apns; sourceTree = "<group>"; };
		2BB5F74E230EBF1400C88C37 /* ListingCell.swift */ = {isa = PBXFileReference; lastKnownFileType = sourcecode.swift; path = ListingCell.swift; sourceTree = "<group>"; };
		2BB5F752230EBF8800C88C37 /* ViewController+TableView.swift */ = {isa = PBXFileReference; lastKnownFileType = sourcecode.swift; path = "ViewController+TableView.swift"; sourceTree = "<group>"; };
		2BB5F754230EC28300C88C37 /* LaunchScreen.storyboard */ = {isa = PBXFileReference; lastKnownFileType = file.storyboard; path = LaunchScreen.storyboard; sourceTree = "<group>"; };
		2BB5F756230EC50900C88C37 /* ViewController+WatchKitDelegate.swift */ = {isa = PBXFileReference; lastKnownFileType = sourcecode.swift; path = "ViewController+WatchKitDelegate.swift"; sourceTree = "<group>"; };
		2BB5F759230ECF3A00C88C37 /* ResultModel.swift */ = {isa = PBXFileReference; lastKnownFileType = sourcecode.swift; path = ResultModel.swift; sourceTree = "<group>"; };
/* End PBXFileReference section */

/* Begin PBXFrameworksBuildPhase section */
		2BB5F70B230EBD1C00C88C37 /* Frameworks */ = {
			isa = PBXFrameworksBuildPhase;
			buildActionMask = 2147483647;
			files = (
			);
			runOnlyForDeploymentPostprocessing = 0;
		};
		2BB5F72C230EBD1F00C88C37 /* Frameworks */ = {
			isa = PBXFrameworksBuildPhase;
			buildActionMask = 2147483647;
			files = (
			);
			runOnlyForDeploymentPostprocessing = 0;
		};
/* End PBXFrameworksBuildPhase section */

/* Begin PBXGroup section */
		2B241655230FA75B007DE124 /* Helper */ = {
			isa = PBXGroup;
			children = (
				2B241656230FA76D007DE124 /* Enums.swift */,
				2B241658230FACE9007DE124 /* Constant.swift */,
			);
			path = Helper;
			sourceTree = "<group>";
		};
		2B24165A230FB09C007DE124 /* Extension */ = {
			isa = PBXGroup;
			children = (
				2B24165B230FB0B4007DE124 /* InterfaceController+WatchConnectivity.swift */,
			);
			path = Extension;
			sourceTree = "<group>";
		};
		2B24165D230FB188007DE124 /* InterfaceController */ = {
			isa = PBXGroup;
			children = (
				2BB5F734230EBD1F00C88C37 /* InterfaceController.swift */,
				2B24165A230FB09C007DE124 /* Extension */,
			);
			path = InterfaceController;
			sourceTree = "<group>";
		};
		2BB5F705230EBD1C00C88C37 = {
			isa = PBXGroup;
			children = (
				2BB5F710230EBD1C00C88C37 /* AppleWatch */,
				2BB5F724230EBD1E00C88C37 /* AppleWatch WatchKit App */,
				2BB5F733230EBD1F00C88C37 /* AppleWatch WatchKit Extension */,
				2BB5F70F230EBD1C00C88C37 /* Products */,
			);
			sourceTree = "<group>";
		};
		2BB5F70F230EBD1C00C88C37 /* Products */ = {
			isa = PBXGroup;
			children = (
				2BB5F70E230EBD1C00C88C37 /* AppleWatch.app */,
				2BB5F720230EBD1E00C88C37 /* AppleWatch WatchKit App.app */,
				2BB5F72F230EBD1F00C88C37 /* AppleWatch WatchKit Extension.appex */,
			);
			name = Products;
			sourceTree = "<group>";
		};
		2BB5F710230EBD1C00C88C37 /* AppleWatch */ = {
			isa = PBXGroup;
			children = (
				2BB5F74B230EBEAF00C88C37 /* Default Assets */,
				2BB5F74C230EBEBD00C88C37 /* Controllers */,
				2B241655230FA75B007DE124 /* Helper */,
				2BB5F71D230EBD1E00C88C37 /* Info.plist */,
			);
			path = AppleWatch;
			sourceTree = "<group>";
		};
		2BB5F724230EBD1E00C88C37 /* AppleWatch WatchKit App */ = {
			isa = PBXGroup;
			children = (
				2BB5F725230EBD1E00C88C37 /* Interface.storyboard */,
				2BB5F728230EBD1E00C88C37 /* Assets.xcassets */,
				2BB5F72A230EBD1E00C88C37 /* Info.plist */,
			);
			path = "AppleWatch WatchKit App";
			sourceTree = "<group>";
		};
		2BB5F733230EBD1F00C88C37 /* AppleWatch WatchKit Extension */ = {
			isa = PBXGroup;
			children = (
				2B24165D230FB188007DE124 /* InterfaceController */,
				2BB5F736230EBD1F00C88C37 /* ExtensionDelegate.swift */,
				2BB5F738230EBD1F00C88C37 /* NotificationController.swift */,
				2BB5F73A230EBD1F00C88C37 /* Assets.xcassets */,
				2BB5F73C230EBD1F00C88C37 /* Info.plist */,
				2BB5F73D230EBD1F00C88C37 /* PushNotificationPayload.apns */,
			);
			path = "AppleWatch WatchKit Extension";
			sourceTree = "<group>";
		};
		2BB5F74B230EBEAF00C88C37 /* Default Assets */ = {
			isa = PBXGroup;
			children = (
				2BB5F711230EBD1C00C88C37 /* AppDelegate.swift */,
				2BB5F715230EBD1C00C88C37 /* Main.storyboard */,
				2BB5F718230EBD1E00C88C37 /* Assets.xcassets */,
				2BB5F754230EC28300C88C37 /* LaunchScreen.storyboard */,
			);
			path = "Default Assets";
			sourceTree = "<group>";
		};
		2BB5F74C230EBEBD00C88C37 /* Controllers */ = {
			isa = PBXGroup;
			children = (
				2BB5F750230EBF6E00C88C37 /* DashboardVC */,
			);
			path = Controllers;
			sourceTree = "<group>";
		};
		2BB5F74D230EBEF900C88C37 /* View */ = {
			isa = PBXGroup;
			children = (
				2BB5F74E230EBF1400C88C37 /* ListingCell.swift */,
			);
			path = View;
			sourceTree = "<group>";
		};
		2BB5F750230EBF6E00C88C37 /* DashboardVC */ = {
			isa = PBXGroup;
			children = (
				2BB5F713230EBD1C00C88C37 /* ViewController.swift */,
				2BB5F758230ECF2500C88C37 /* Model */,
				2BB5F74D230EBEF900C88C37 /* View */,
				2BB5F751230EBF7700C88C37 /* Extensions */,
			);
			path = DashboardVC;
			sourceTree = "<group>";
		};
		2BB5F751230EBF7700C88C37 /* Extensions */ = {
			isa = PBXGroup;
			children = (
				2BB5F752230EBF8800C88C37 /* ViewController+TableView.swift */,
				2BB5F756230EC50900C88C37 /* ViewController+WatchKitDelegate.swift */,
			);
			path = Extensions;
			sourceTree = "<group>";
		};
		2BB5F758230ECF2500C88C37 /* Model */ = {
			isa = PBXGroup;
			children = (
				2BB5F759230ECF3A00C88C37 /* ResultModel.swift */,
			);
			path = Model;
			sourceTree = "<group>";
		};
/* End PBXGroup section */

/* Begin PBXNativeTarget section */
		2BB5F70D230EBD1C00C88C37 /* AppleWatch */ = {
			isa = PBXNativeTarget;
			buildConfigurationList = 2BB5F748230EBD1F00C88C37 /* Build configuration list for PBXNativeTarget "AppleWatch" */;
			buildPhases = (
				2BB5F70A230EBD1C00C88C37 /* Sources */,
				2BB5F70B230EBD1C00C88C37 /* Frameworks */,
				2BB5F70C230EBD1C00C88C37 /* Resources */,
				2BB5F747230EBD1F00C88C37 /* Embed Watch Content */,
			);
			buildRules = (
			);
			dependencies = (
				2BB5F723230EBD1E00C88C37 /* PBXTargetDependency */,
			);
			name = AppleWatch;
			productName = AppleWatch;
			productReference = 2BB5F70E230EBD1C00C88C37 /* AppleWatch.app */;
			productType = "com.apple.product-type.application";
		};
		2BB5F71F230EBD1E00C88C37 /* AppleWatch WatchKit App */ = {
			isa = PBXNativeTarget;
			buildConfigurationList = 2BB5F744230EBD1F00C88C37 /* Build configuration list for PBXNativeTarget "AppleWatch WatchKit App" */;
			buildPhases = (
				2BB5F71E230EBD1E00C88C37 /* Resources */,
				2BB5F743230EBD1F00C88C37 /* Embed App Extensions */,
			);
			buildRules = (
			);
			dependencies = (
				2BB5F732230EBD1F00C88C37 /* PBXTargetDependency */,
			);
			name = "AppleWatch WatchKit App";
			productName = "AppleWatch WatchKit App";
			productReference = 2BB5F720230EBD1E00C88C37 /* AppleWatch WatchKit App.app */;
			productType = "com.apple.product-type.application.watchapp2";
		};
		2BB5F72E230EBD1F00C88C37 /* AppleWatch WatchKit Extension */ = {
			isa = PBXNativeTarget;
			buildConfigurationList = 2BB5F740230EBD1F00C88C37 /* Build configuration list for PBXNativeTarget "AppleWatch WatchKit Extension" */;
			buildPhases = (
				2BB5F72B230EBD1F00C88C37 /* Sources */,
				2BB5F72C230EBD1F00C88C37 /* Frameworks */,
				2BB5F72D230EBD1F00C88C37 /* Resources */,
			);
			buildRules = (
			);
			dependencies = (
			);
			name = "AppleWatch WatchKit Extension";
			productName = "AppleWatch WatchKit Extension";
			productReference = 2BB5F72F230EBD1F00C88C37 /* AppleWatch WatchKit Extension.appex */;
			productType = "com.apple.product-type.watchkit2-extension";
		};
/* End PBXNativeTarget section */

/* Begin PBXProject section */
		2BB5F706230EBD1C00C88C37 /* Project object */ = {
			isa = PBXProject;
			attributes = {
				LastSwiftUpdateCheck = 1020;
				LastUpgradeCheck = 1020;
				ORGANIZATIONNAME = redbytes;
				TargetAttributes = {
					2BB5F70D230EBD1C00C88C37 = {
						CreatedOnToolsVersion = 10.2.1;
						SystemCapabilities = {
							com.apple.BackgroundModes = {
								enabled = 1;
							};
						};
					};
					2BB5F71F230EBD1E00C88C37 = {
						CreatedOnToolsVersion = 10.2.1;
					};
					2BB5F72E230EBD1F00C88C37 = {
						CreatedOnToolsVersion = 10.2.1;
						SystemCapabilities = {
							com.apple.BackgroundModes.watchos.extension = {
								enabled = 1;
							};
						};
					};
				};
			};
			buildConfigurationList = 2BB5F709230EBD1C00C88C37 /* Build configuration list for PBXProject "AppleWatch" */;
			compatibilityVersion = "Xcode 9.3";
			developmentRegion = en;
			hasScannedForEncodings = 0;
			knownRegions = (
				en,
				Base,
			);
			mainGroup = 2BB5F705230EBD1C00C88C37;
			productRefGroup = 2BB5F70F230EBD1C00C88C37 /* Products */;
			projectDirPath = "";
			projectRoot = "";
			targets = (
				2BB5F70D230EBD1C00C88C37 /* AppleWatch */,
				2BB5F71F230EBD1E00C88C37 /* AppleWatch WatchKit App */,
				2BB5F72E230EBD1F00C88C37 /* AppleWatch WatchKit Extension */,
			);
		};
/* End PBXProject section */

/* Begin PBXResourcesBuildPhase section */
		2BB5F70C230EBD1C00C88C37 /* Resources */ = {
			isa = PBXResourcesBuildPhase;
			buildActionMask = 2147483647;
			files = (
				2BB5F755230EC28300C88C37 /* LaunchScreen.storyboard in Resources */,
				2BB5F719230EBD1E00C88C37 /* Assets.xcassets in Resources */,
				2BB5F717230EBD1C00C88C37 /* Main.storyboard in Resources */,
			);
			runOnlyForDeploymentPostprocessing = 0;
		};
		2BB5F71E230EBD1E00C88C37 /* Resources */ = {
			isa = PBXResourcesBuildPhase;
			buildActionMask = 2147483647;
			files = (
				2BB5F729230EBD1E00C88C37 /* Assets.xcassets in Resources */,
				2BB5F727230EBD1E00C88C37 /* Interface.storyboard in Resources */,
			);
			runOnlyForDeploymentPostprocessing = 0;
		};
		2BB5F72D230EBD1F00C88C37 /* Resources */ = {
			isa = PBXResourcesBuildPhase;
			buildActionMask = 2147483647;
			files = (
				2BB5F73B230EBD1F00C88C37 /* Assets.xcassets in Resources */,
			);
			runOnlyForDeploymentPostprocessing = 0;
		};
/* End PBXResourcesBuildPhase section */

/* Begin PBXSourcesBuildPhase section */
		2BB5F70A230EBD1C00C88C37 /* Sources */ = {
			isa = PBXSourcesBuildPhase;
			buildActionMask = 2147483647;
			files = (
				2BB5F74F230EBF1400C88C37 /* ListingCell.swift in Sources */,
				2BB5F714230EBD1C00C88C37 /* ViewController.swift in Sources */,
				2BB5F75A230ECF3A00C88C37 /* ResultModel.swift in Sources */,
				2B241659230FACE9007DE124 /* Constant.swift in Sources */,
				2BB5F757230EC50900C88C37 /* ViewController+WatchKitDelegate.swift in Sources */,
				2B241657230FA76D007DE124 /* Enums.swift in Sources */,
				2BB5F753230EBF8800C88C37 /* ViewController+TableView.swift in Sources */,
				2BB5F712230EBD1C00C88C37 /* AppDelegate.swift in Sources */,
			);
			runOnlyForDeploymentPostprocessing = 0;
		};
		2BB5F72B230EBD1F00C88C37 /* Sources */ = {
			isa = PBXSourcesBuildPhase;
			buildActionMask = 2147483647;
			files = (
				2B24165C230FB0B4007DE124 /* InterfaceController+WatchConnectivity.swift in Sources */,
				2BB5F739230EBD1F00C88C37 /* NotificationController.swift in Sources */,
				2B24165F230FB1C5007DE124 /* Enums.swift in Sources */,
				2BB5F737230EBD1F00C88C37 /* ExtensionDelegate.swift in Sources */,
				2BB5F735230EBD1F00C88C37 /* InterfaceController.swift in Sources */,
				2B241660230FB1C5007DE124 /* Constant.swift in Sources */,
			);
			runOnlyForDeploymentPostprocessing = 0;
		};
/* End PBXSourcesBuildPhase section */

/* Begin PBXTargetDependency section */
		2BB5F723230EBD1E00C88C37 /* PBXTargetDependency */ = {
			isa = PBXTargetDependency;
			target = 2BB5F71F230EBD1E00C88C37 /* AppleWatch WatchKit App */;
			targetProxy = 2BB5F722230EBD1E00C88C37 /* PBXContainerItemProxy */;
		};
		2BB5F732230EBD1F00C88C37 /* PBXTargetDependency */ = {
			isa = PBXTargetDependency;
			target = 2BB5F72E230EBD1F00C88C37 /* AppleWatch WatchKit Extension */;
			targetProxy = 2BB5F731230EBD1F00C88C37 /* PBXContainerItemProxy */;
		};
/* End PBXTargetDependency section */

/* Begin PBXVariantGroup section */
		2BB5F715230EBD1C00C88C37 /* Main.storyboard */ = {
			isa = PBXVariantGroup;
			children = (
				2BB5F716230EBD1C00C88C37 /* Base */,
			);
			name = Main.storyboard;
			sourceTree = "<group>";
		};
		2BB5F725230EBD1E00C88C37 /* Interface.storyboard */ = {
			isa = PBXVariantGroup;
			children = (
				2BB5F726230EBD1E00C88C37 /* Base */,
			);
			name = Interface.storyboard;
			sourceTree = "<group>";
		};
/* End PBXVariantGroup section */

/* Begin XCBuildConfiguration section */
		2BB5F73E230EBD1F00C88C37 /* Debug */ = {
			isa = XCBuildConfiguration;
			buildSettings = {
				ALWAYS_SEARCH_USER_PATHS = NO;
				CLANG_ANALYZER_NONNULL = YES;
				CLANG_ANALYZER_NUMBER_OBJECT_CONVERSION = YES_AGGRESSIVE;
				CLANG_CXX_LANGUAGE_STANDARD = "gnu++14";
				CLANG_CXX_LIBRARY = "libc++";
				CLANG_ENABLE_MODULES = YES;
				CLANG_ENABLE_OBJC_ARC = YES;
				CLANG_ENABLE_OBJC_WEAK = YES;
				CLANG_WARN_BLOCK_CAPTURE_AUTORELEASING = YES;
				CLANG_WARN_BOOL_CONVERSION = YES;
				CLANG_WARN_COMMA = YES;
				CLANG_WARN_CONSTANT_CONVERSION = YES;
				CLANG_WARN_DEPRECATED_OBJC_IMPLEMENTATIONS = YES;
				CLANG_WARN_DIRECT_OBJC_ISA_USAGE = YES_ERROR;
				CLANG_WARN_DOCUMENTATION_COMMENTS = YES;
				CLANG_WARN_EMPTY_BODY = YES;
				CLANG_WARN_ENUM_CONVERSION = YES;
				CLANG_WARN_INFINITE_RECURSION = YES;
				CLANG_WARN_INT_CONVERSION = YES;
				CLANG_WARN_NON_LITERAL_NULL_CONVERSION = YES;
				CLANG_WARN_OBJC_IMPLICIT_RETAIN_SELF = YES;
				CLANG_WARN_OBJC_LITERAL_CONVERSION = YES;
				CLANG_WARN_OBJC_ROOT_CLASS = YES_ERROR;
				CLANG_WARN_RANGE_LOOP_ANALYSIS = YES;
				CLANG_WARN_STRICT_PROTOTYPES = YES;
				CLANG_WARN_SUSPICIOUS_MOVE = YES;
				CLANG_WARN_UNGUARDED_AVAILABILITY = YES_AGGRESSIVE;
				CLANG_WARN_UNREACHABLE_CODE = YES;
				CLANG_WARN__DUPLICATE_METHOD_MATCH = YES;
				CODE_SIGN_IDENTITY = "iPhone Developer";
				COPY_PHASE_STRIP = NO;
				DEBUG_INFORMATION_FORMAT = dwarf;
				ENABLE_STRICT_OBJC_MSGSEND = YES;
				ENABLE_TESTABILITY = YES;
				GCC_C_LANGUAGE_STANDARD = gnu11;
				GCC_DYNAMIC_NO_PIC = NO;
				GCC_NO_COMMON_BLOCKS = YES;
				GCC_OPTIMIZATION_LEVEL = 0;
				GCC_PREPROCESSOR_DEFINITIONS = (
					"DEBUG=1",
					"$(inherited)",
				);
				GCC_WARN_64_TO_32_BIT_CONVERSION = YES;
				GCC_WARN_ABOUT_RETURN_TYPE = YES_ERROR;
				GCC_WARN_UNDECLARED_SELECTOR = YES;
				GCC_WARN_UNINITIALIZED_AUTOS = YES_AGGRESSIVE;
				GCC_WARN_UNUSED_FUNCTION = YES;
				GCC_WARN_UNUSED_VARIABLE = YES;
				IPHONEOS_DEPLOYMENT_TARGET = 12.2;
				MTL_ENABLE_DEBUG_INFO = INCLUDE_SOURCE;
				MTL_FAST_MATH = YES;
				ONLY_ACTIVE_ARCH = YES;
				SDKROOT = iphoneos;
				SWIFT_ACTIVE_COMPILATION_CONDITIONS = DEBUG;
				SWIFT_OPTIMIZATION_LEVEL = "-Onone";
			};
			name = Debug;
		};
		2BB5F73F230EBD1F00C88C37 /* Release */ = {
			isa = XCBuildConfiguration;
			buildSettings = {
				ALWAYS_SEARCH_USER_PATHS = NO;
				CLANG_ANALYZER_NONNULL = YES;
				CLANG_ANALYZER_NUMBER_OBJECT_CONVERSION = YES_AGGRESSIVE;
				CLANG_CXX_LANGUAGE_STANDARD = "gnu++14";
				CLANG_CXX_LIBRARY = "libc++";
				CLANG_ENABLE_MODULES = YES;
				CLANG_ENABLE_OBJC_ARC = YES;
				CLANG_ENABLE_OBJC_WEAK = YES;
				CLANG_WARN_BLOCK_CAPTURE_AUTORELEASING = YES;
				CLANG_WARN_BOOL_CONVERSION = YES;
				CLANG_WARN_COMMA = YES;
				CLANG_WARN_CONSTANT_CONVERSION = YES;
				CLANG_WARN_DEPRECATED_OBJC_IMPLEMENTATIONS = YES;
				CLANG_WARN_DIRECT_OBJC_ISA_USAGE = YES_ERROR;
				CLANG_WARN_DOCUMENTATION_COMMENTS = YES;
				CLANG_WARN_EMPTY_BODY = YES;
				CLANG_WARN_ENUM_CONVERSION = YES;
				CLANG_WARN_INFINITE_RECURSION = YES;
				CLANG_WARN_INT_CONVERSION = YES;
				CLANG_WARN_NON_LITERAL_NULL_CONVERSION = YES;
				CLANG_WARN_OBJC_IMPLICIT_RETAIN_SELF = YES;
				CLANG_WARN_OBJC_LITERAL_CONVERSION = YES;
				CLANG_WARN_OBJC_ROOT_CLASS = YES_ERROR;
				CLANG_WARN_RANGE_LOOP_ANALYSIS = YES;
				CLANG_WARN_STRICT_PROTOTYPES = YES;
				CLANG_WARN_SUSPICIOUS_MOVE = YES;
				CLANG_WARN_UNGUARDED_AVAILABILITY = YES_AGGRESSIVE;
				CLANG_WARN_UNREACHABLE_CODE = YES;
				CLANG_WARN__DUPLICATE_METHOD_MATCH = YES;
				CODE_SIGN_IDENTITY = "iPhone Developer";
				COPY_PHASE_STRIP = NO;
				DEBUG_INFORMATION_FORMAT = "dwarf-with-dsym";
				ENABLE_NS_ASSERTIONS = NO;
				ENABLE_STRICT_OBJC_MSGSEND = YES;
				GCC_C_LANGUAGE_STANDARD = gnu11;
				GCC_NO_COMMON_BLOCKS = YES;
				GCC_WARN_64_TO_32_BIT_CONVERSION = YES;
				GCC_WARN_ABOUT_RETURN_TYPE = YES_ERROR;
				GCC_WARN_UNDECLARED_SELECTOR = YES;
				GCC_WARN_UNINITIALIZED_AUTOS = YES_AGGRESSIVE;
				GCC_WARN_UNUSED_FUNCTION = YES;
				GCC_WARN_UNUSED_VARIABLE = YES;
				IPHONEOS_DEPLOYMENT_TARGET = 12.2;
				MTL_ENABLE_DEBUG_INFO = NO;
				MTL_FAST_MATH = YES;
				SDKROOT = iphoneos;
				SWIFT_COMPILATION_MODE = wholemodule;
				SWIFT_OPTIMIZATION_LEVEL = "-O";
				VALIDATE_PRODUCT = YES;
			};
			name = Release;
		};
		2BB5F741230EBD1F00C88C37 /* Debug */ = {
			isa = XCBuildConfiguration;
			buildSettings = {
				ASSETCATALOG_COMPILER_COMPLICATION_NAME = Complication;
				CODE_SIGN_STYLE = Automatic;
				DEVELOPMENT_TEAM = D946FFLAN9;
				INFOPLIST_FILE = "AppleWatch WatchKit Extension/Info.plist";
				LD_RUNPATH_SEARCH_PATHS = (
					"$(inherited)",
					"@executable_path/Frameworks",
					"@executable_path/../../Frameworks",
				);
				PRODUCT_BUNDLE_IDENTIFIER = com.redbytes.AppleWatch.watchkitapp.watchkitextension;
				PRODUCT_NAME = "${TARGET_NAME}";
				SDKROOT = watchos;
				SKIP_INSTALL = YES;
				SWIFT_VERSION = 5.0;
				TARGETED_DEVICE_FAMILY = 4;
				WATCHOS_DEPLOYMENT_TARGET = 5.2;
			};
			name = Debug;
		};
		2BB5F742230EBD1F00C88C37 /* Release */ = {
			isa = XCBuildConfiguration;
			buildSettings = {
				ASSETCATALOG_COMPILER_COMPLICATION_NAME = Complication;
				CODE_SIGN_STYLE = Automatic;
				DEVELOPMENT_TEAM = D946FFLAN9;
				INFOPLIST_FILE = "AppleWatch WatchKit Extension/Info.plist";
				LD_RUNPATH_SEARCH_PATHS = (
					"$(inherited)",
					"@executable_path/Frameworks",
					"@executable_path/../../Frameworks",
				);
				PRODUCT_BUNDLE_IDENTIFIER = com.redbytes.AppleWatch.watchkitapp.watchkitextension;
				PRODUCT_NAME = "${TARGET_NAME}";
				SDKROOT = watchos;
				SKIP_INSTALL = YES;
				SWIFT_VERSION = 5.0;
				TARGETED_DEVICE_FAMILY = 4;
				WATCHOS_DEPLOYMENT_TARGET = 5.2;
			};
			name = Release;
		};
		2BB5F745230EBD1F00C88C37 /* Debug */ = {
			isa = XCBuildConfiguration;
			buildSettings = {
				ALWAYS_EMBED_SWIFT_STANDARD_LIBRARIES = YES;
				ASSETCATALOG_COMPILER_APPICON_NAME = AppIcon;
				CODE_SIGN_STYLE = Automatic;
				DEVELOPMENT_TEAM = D946FFLAN9;
				IBSC_MODULE = AppleWatch_WatchKit_Extension;
				INFOPLIST_FILE = "AppleWatch WatchKit App/Info.plist";
				PRODUCT_BUNDLE_IDENTIFIER = com.redbytes.AppleWatch.watchkitapp;
				PRODUCT_NAME = "$(TARGET_NAME)";
				SDKROOT = watchos;
				SKIP_INSTALL = YES;
				SWIFT_VERSION = 5.0;
				TARGETED_DEVICE_FAMILY = 4;
				WATCHOS_DEPLOYMENT_TARGET = 5.2;
			};
			name = Debug;
		};
		2BB5F746230EBD1F00C88C37 /* Release */ = {
			isa = XCBuildConfiguration;
			buildSettings = {
				ALWAYS_EMBED_SWIFT_STANDARD_LIBRARIES = YES;
				ASSETCATALOG_COMPILER_APPICON_NAME = AppIcon;
				CODE_SIGN_STYLE = Automatic;
				DEVELOPMENT_TEAM = D946FFLAN9;
				IBSC_MODULE = AppleWatch_WatchKit_Extension;
				INFOPLIST_FILE = "AppleWatch WatchKit App/Info.plist";
				PRODUCT_BUNDLE_IDENTIFIER = com.redbytes.AppleWatch.watchkitapp;
				PRODUCT_NAME = "$(TARGET_NAME)";
				SDKROOT = watchos;
				SKIP_INSTALL = YES;
				SWIFT_VERSION = 5.0;
				TARGETED_DEVICE_FAMILY = 4;
				WATCHOS_DEPLOYMENT_TARGET = 5.2;
			};
			name = Release;
		};
		2BB5F749230EBD1F00C88C37 /* Debug */ = {
			isa = XCBuildConfiguration;
			buildSettings = {
				ASSETCATALOG_COMPILER_APPICON_NAME = AppIcon;
				CODE_SIGN_STYLE = Automatic;
				DEVELOPMENT_TEAM = D946FFLAN9;
				INFOPLIST_FILE = AppleWatch/Info.plist;
				LD_RUNPATH_SEARCH_PATHS = (
					"$(inherited)",
					"@executable_path/Frameworks",
				);
				PRODUCT_BUNDLE_IDENTIFIER = com.redbytes.AppleWatch;
				PRODUCT_NAME = "$(TARGET_NAME)";
				SWIFT_VERSION = 5.0;
				TARGETED_DEVICE_FAMILY = 1;
			};
			name = Debug;
		};
		2BB5F74A230EBD1F00C88C37 /* Release */ = {
			isa = XCBuildConfiguration;
			buildSettings = {
				ASSETCATALOG_COMPILER_APPICON_NAME = AppIcon;
				CODE_SIGN_STYLE = Automatic;
				DEVELOPMENT_TEAM = D946FFLAN9;
				INFOPLIST_FILE = AppleWatch/Info.plist;
				LD_RUNPATH_SEARCH_PATHS = (
					"$(inherited)",
					"@executable_path/Frameworks",
				);
				PRODUCT_BUNDLE_IDENTIFIER = com.redbytes.AppleWatch;
				PRODUCT_NAME = "$(TARGET_NAME)";
				SWIFT_VERSION = 5.0;
				TARGETED_DEVICE_FAMILY = 1;
			};
			name = Release;
		};
/* End XCBuildConfiguration section */

/* Begin XCConfigurationList section */
		2BB5F709230EBD1C00C88C37 /* Build configuration list for PBXProject "AppleWatch" */ = {
			isa = XCConfigurationList;
			buildConfigurations = (
				2BB5F73E230EBD1F00C88C37 /* Debug */,
				2BB5F73F230EBD1F00C88C37 /* Release */,
			);
			defaultConfigurationIsVisible = 0;
			defaultConfigurationName = Release;
		};
		2BB5F740230EBD1F00C88C37 /* Build configuration list for PBXNativeTarget "AppleWatch WatchKit Extension" */ = {
			isa = XCConfigurationList;
			buildConfigurations = (
				2BB5F741230EBD1F00C88C37 /* Debug */,
				2BB5F742230EBD1F00C88C37 /* Release */,
			);
			defaultConfigurationIsVisible = 0;
			defaultConfigurationName = Release;
		};
		2BB5F744230EBD1F00C88C37 /* Build configuration list for PBXNativeTarget "AppleWatch WatchKit App" */ = {
			isa = XCConfigurationList;
			buildConfigurations = (
				2BB5F745230EBD1F00C88C37 /* Debug */,
				2BB5F746230EBD1F00C88C37 /* Release */,
			);
			defaultConfigurationIsVisible = 0;
			defaultConfigurationName = Release;
		};
		2BB5F748230EBD1F00C88C37 /* Build configuration list for PBXNativeTarget "AppleWatch" */ = {
			isa = XCConfigurationList;
			buildConfigurations = (
				2BB5F749230EBD1F00C88C37 /* Debug */,
				2BB5F74A230EBD1F00C88C37 /* Release */,
			);
			defaultConfigurationIsVisible = 0;
			defaultConfigurationName = Release;
		};
/* End XCConfigurationList section */
	};
	rootObject = 2BB5F706230EBD1C00C88C37 /* Project object */;
}
